[renv]
Version=0.3.0-67

[R]
Version=3.5.0
Repositories=
	CRAN=https://cran.rstudio.com/

[Bioconductor]
Repositories=
	BioCsoft=https://bioconductor.org/packages/3.7/bioc
	BioCann=https://bioconductor.org/packages/3.7/data/annotation
	BioCexp=https://bioconductor.org/packages/3.7/data/experiment
	BioCworkflows=https://bioconductor.org/packages/3.7/workflows
	CRAN=https://cran.rstudio.com/

[R/Package/BH]
Package=BH
Version=1.69.0-1
Source=CRAN
RemoteType=cran
RemoteSha=1.69.0-1
RemoteRepos=c(CRAN = "https://cran.rstudio.com", BioCsoft = "https://bioconductor.org/packages/3.7/bioc", BioCann = "https://bioconductor.org/packages/3.7/data/annotation", BioCexp = "https://bioconductor.org/packages/3.7/data/experiment", BioCworkflows = "https://bioconductor.org/packages/3.7/workflows")
RemotePkgType=source
Hash=193bb322e8db9b2faab82bcc429a5365

[R/Package/Biobase]
Package=Biobase
Version=2.40.0
Source=Bioconductor
Hash=a577dce563fd5c8acc49f8c1a98a5846

[R/Package/BiocGenerics]
Package=BiocGenerics
Version=0.28.0
Source=Bioconductor
Hash=a91303d39c44b952ca0d5aaf75b7dd72

[R/Package/BiocParallel]
Package=BiocParallel
Version=1.14.2
Source=Bioconductor
Hash=43745c6df82849d6e348341a85901570

[R/Package/DBI]
Package=DBI
Version=1.0.0
Source=CRAN
Hash=94e14b1b10cd45c8f57027d484724e4d

[R/Package/DelayedArray]
Package=DelayedArray
Version=0.8.0
Source=Bioconductor
Hash=e81cc452e071759ba2f5696f85b6d840

[R/Package/GEOquery]
Package=GEOquery
Version=2.48.0
Source=Bioconductor
Hash=d1240f1216f47b73a66043e26e906168

[R/Package/GenomeInfoDb]
Package=GenomeInfoDb
Version=1.16.0
Source=Bioconductor
Hash=4f69a528b4650cd459116cc4bd90da94

[R/Package/GenomeInfoDbData]
Package=GenomeInfoDbData
Version=1.1.0
Source=Bioconductor
Hash=deff67136519f67328a214b45f54085e

[R/Package/GenomicRanges]
Package=GenomicRanges
Version=1.32.6
Source=Bioconductor
Hash=feb949dc078e48ac074e778bb94b6942

[R/Package/IRanges]
Package=IRanges
Version=2.16.0
Source=Bioconductor
Hash=bc047311e5117af4f44214acee9e0281

[R/Package/KernSmooth]
Package=KernSmooth
Version=2.23-15
Source=CRAN
Hash=5ea8d787b5139f5f0744569a5d5af41b

[R/Package/MASS]
Package=MASS
Version=7.3-50
Source=CRAN
Hash=ec6abaf34902225a22a16e90f5f768c8

[R/Package/Matrix]
Package=Matrix
Version=1.2-14
Source=CRAN
Hash=26f158439136b67e12b0f392e25bb93b

[R/Package/R.methodsS3]
Package=R.methodsS3
Version=1.7.1
Source=CRAN
Hash=3a3ae8f5af359db1d1edc0eaa85f0a3f

[R/Package/R.oo]
Package=R.oo
Version=1.22.0
Source=CRAN
Hash=be3209467e319ee467cccc9f634e244b

[R/Package/R.utils]
Package=R.utils
Version=2.8.0
Source=CRAN
Hash=e186270868f281bb20f885f326e2a720

[R/Package/R6]
Package=R6
Version=2.4.0
Source=CRAN
RemoteType=cran
RemoteSha=2.4.0
RemoteRepos=c(CRAN = "https://cran.rstudio.com/")
RemotePkgType=source
Hash=33ee6cc731fcf75e4b179c0f11d56305

[R/Package/RANN]
Package=RANN
Version=2.6
Source=CRAN
Hash=9f383cb29e9d1c47b1e58ff1b19240bf

[R/Package/RColorBrewer]
Package=RColorBrewer
Version=1.1-2
Source=CRAN
Hash=e12d9efbd8540624beb948405e496adf

[R/Package/RCurl]
Package=RCurl
Version=1.95-4.11
Source=CRAN
Hash=68b97c584437af8c43a203403ca92b4e

[R/Package/ROCR]
Package=ROCR
Version=1.0-7
Source=CRAN
Hash=e9fa8161f2c1400a2336993285958bd4

[R/Package/Rcpp]
Package=Rcpp
Version=1.0.0
Source=CRAN
RemoteType=cran
RemoteSha=1.0.0
RemoteRepos=c(CRAN = "https://cran.rstudio.com")
RemotePkgType=source
Hash=e0f71049cc78107f7a275344e8e3344d

[R/Package/RcppArmadillo]
Package=RcppArmadillo
Version=0.9.100.5.0
Source=CRAN
Hash=f9636c2a3ae40ada18042a1c328a150c

[R/Package/RcppEigen]
Package=RcppEigen
Version=0.3.3.5.0
Source=CRAN
RemoteType=cran
RemoteSha=0.3.3.5.0
RemoteRepos=c(CRAN = "https://cran.rstudio.com")
RemotePkgType=source
Hash=46e18376e1ce631654371dd67b5969a0

[R/Package/RcppProgress]
Package=RcppProgress
Version=0.4.1
Source=CRAN
Hash=4103111c54570e373f6342b2aafa7e42

[R/Package/Rdpack]
Package=Rdpack
Version=0.9-0
Source=CRAN
Hash=5441b48e4cb90bce19bca09e27bf71bf

[R/Package/Rtsne]
Package=Rtsne
Version=0.15
Source=CRAN
RemoteType=cran
RemoteSha=0.15
RemoteRepos=c(CRAN = "https://cran.rstudio.com", BioCsoft = "https://bioconductor.org/packages/3.7/bioc", BioCann = "https://bioconductor.org/packages/3.7/data/annotation", BioCexp = "https://bioconductor.org/packages/3.7/data/experiment", BioCworkflows = "https://bioconductor.org/packages/3.7/workflows")
RemotePkgType=source
Hash=d92aed27148d8706e5ac8aba6a382ad3

[R/Package/S4Vectors]
Package=S4Vectors
Version=0.20.1
Source=Bioconductor
Hash=7b952afb9d5dd97a51de412846ab5683

[R/Package/SDMTools]
Package=SDMTools
Version=1.1-221
Source=CRAN
Hash=2ac83752b57b871baee6a292c2cba378

[R/Package/Seurat]
Package=Seurat
Version=3.0.0
Source=CRAN
Hash=92c36205208f4753d7ad610498d02eb9

[R/Package/SingleCellExperiment]
Package=SingleCellExperiment
Version=1.4.1
Source=Bioconductor
Hash=afee752367faba6681754e7f4bd1cd3d

[R/Package/SummarizedExperiment]
Package=SummarizedExperiment
Version=1.10.1
Source=Bioconductor
Hash=d98d3d4787ba3482e7fc25338aacd9af

[R/Package/XVector]
Package=XVector
Version=0.20.0
Source=Bioconductor
Hash=82b9c2ba748bdf2e6f06f8a08c55ca1e

[R/Package/ape]
Package=ape
Version=5.1
Source=CRAN
Hash=6f5295566075f5719747949df1f3259a

[R/Package/assertthat]
Package=assertthat
Version=0.2.1
Source=CRAN
RemoteType=cran
RemoteSha=0.2.1
RemoteRepos=c(CRAN = "https://cran.rstudio.com/")
RemotePkgType=source
Hash=dac637d09eb80586c72af5d632072dec

[R/Package/backports]
Package=backports
Version=1.1.2
Source=CRAN
Hash=37a73ae5d46712288e162d65c127c4b4

[R/Package/base64enc]
Package=base64enc
Version=0.1-3
Source=CRAN
Hash=9e74499ff4cb4233042ed2d5c662423e

[R/Package/bibtex]
Package=bibtex
Version=0.4.2
Source=CRAN
Hash=57e700b8c9a820a82518640da2c59bdc

[R/Package/bitops]
Package=bitops
Version=1.0-6
Source=CRAN
Hash=5b877c0d718e2324ce03d906f493c464

[R/Package/broom]
Package=broom
Version=0.5.0
Source=CRAN
Hash=fb7261d2912fdcefad5ab62b6ee58ec8

[R/Package/caTools]
Package=caTools
Version=1.17.1.1
Source=CRAN
Hash=0df8b21f7fdaad4ab30dce8e4aea4bef

[R/Package/callr]
Package=callr
Version=3.2.0
Source=CRAN
Hash=0b7fee40594a684a5c3f31f94fd7221f

[R/Package/cellranger]
Package=cellranger
Version=1.1.0
Source=CRAN
Hash=641af90204a29039f406800bbbcaccbb

[R/Package/checkmate]
Package=checkmate
Version=1.8.5
Source=CRAN
Hash=301418909a4c77dc2c28aaf745395331

[R/Package/class]
Package=class
Version=7.3-14
Source=CRAN
Hash=ec1115be56cd6e70ef6c52eb630d9d57

[R/Package/cli]
Package=cli
Version=1.1.0
Source=CRAN
Hash=eedaa1f888777090cdd93d19cb42fdca

[R/Package/cliapp]
Package=cliapp
Version=0.1.0
Source=CRAN
RemoteType=cran
RemoteSha=0.1.0
RemoteRepos=c(CRAN = "https://cran.rstudio.com/")
RemotePkgType=source
Hash=f40568ff8ebb924e134f1c00d02e6f01

[R/Package/clipr]
Package=clipr
Version=0.4.1
Source=CRAN
Hash=b9eb9fefc4f9649a88064599726ce9a9

[R/Package/cluster]
Package=cluster
Version=2.0.7-1
Source=CRAN
Hash=e26cb5478bf6e747fc488b3d67a76d0f

[R/Package/clustree]
Package=clustree
Version=0.4.0
Source=GitHub
RemoteType=github
RemoteHost=api.github.com
RemoteRepo=clustree
RemoteUsername=lazappi
RemoteRef=master
RemoteSha=08819033cf89bdfe0af14f00c1ea1d37885d6f28
Hash=605c57af56c06ddd740bcef371bab8e1

[R/Package/codetools]
Package=codetools
Version=0.2-15
Source=CRAN
Hash=b5edbf783896a3ff5fe619b474f9867d

[R/Package/colorspace]
Package=colorspace
Version=1.3-2
Source=CRAN
Hash=0b1439051e26b1b0a66974d8fbec0c2d

[R/Package/cowplot]
Package=cowplot
Version=0.9.3
Source=CRAN
Hash=f865cfd54d5022da9cf4cecfe868c9cd

[R/Package/crayon]
Package=crayon
Version=1.3.4
Source=CRAN
Hash=84467438184915ca5bbf3279e1a56b44

[R/Package/crosstalk]
Package=crosstalk
Version=1.0.0
Source=CRAN
Hash=6af20710cd4fbb15d35011a15d3c8187

[R/Package/curl]
Package=curl
Version=3.3
Source=CRAN
Hash=aaea072ce2cf5f388446650b475874a8

[R/Package/data.table]
Package=data.table
Version=1.11.4
Source=CRAN
Hash=d0cfa86956474b791ee22b219c9ba230

[R/Package/dbplyr]
Package=dbplyr
Version=1.2.2
Source=CRAN
Hash=b2cfbbbeba4e0bff35a8ceeae0dd1c60

[R/Package/desc]
Package=desc
Version=1.2.0
Source=CRAN
RemoteType=cran
RemoteSha=1.2.0
RemoteRepos=c(CRAN = "https://cran.rstudio.com/")
RemotePkgType=source
Hash=a8a18a56e589f1fd4c9e2f0b9099ec19

[R/Package/digest]
Package=digest
Version=0.6.16
Source=CRAN
Hash=9dd2a98bb1d2c5be24c7886d7ac2cea6

[R/Package/dplyr]
Package=dplyr
Version=0.8.0.1
Source=CRAN
Hash=7b837a44bdd180ba9ca48274b901e786

[R/Package/e1071]
Package=e1071
Version=1.7-0
Source=CRAN
Hash=21618c63f72d29d8413afdc143e6a23f

[R/Package/evaluate]
Package=evaluate
Version=0.11
Source=CRAN
Hash=95c0537cf5fa6e0403ae6029162b9e97

[R/Package/fansi]
Package=fansi
Version=0.4.0
Source=CRAN
Hash=ed266fd17df944c53786d83841c4770f

[R/Package/filelock]
Package=filelock
Version=1.0.2
Source=CRAN
Hash=9edb4ae6009fa50bcd5cde471eab5359

[R/Package/fitdistrplus]
Package=fitdistrplus
Version=1.0-9
Source=CRAN
Hash=6d4a1eb9b9308110ccfdfbad0b09441f

[R/Package/forcats]
Package=forcats
Version=0.3.0
Source=CRAN
Hash=edc907e8a6c6f762136f98735b11073a

[R/Package/formatR]
Package=formatR
Version=1.5
Source=CRAN
Hash=4b69ca61ef1929b4168407f7cdbebbf1

[R/Package/futile.logger]
Package=futile.logger
Version=1.4.3
Source=CRAN
Hash=a8dbc86c084f07eb0d5e2ee0d023b31c

[R/Package/futile.options]
Package=futile.options
Version=1.0.1
Source=CRAN
Hash=5af8e303f765c2006838a306aa8f06d4

[R/Package/future]
Package=future
Version=1.12.0
Source=CRAN
Hash=24589728037277868e913c6c39e08078

[R/Package/future.apply]
Package=future.apply
Version=1.2.0
Source=CRAN
Hash=a02630745f693afb8b64a5f42aafd959

[R/Package/gbRd]
Package=gbRd
Version=0.4-11
Source=CRAN
Hash=6e91e07079bfeb40bc72b2de5a4dfa7f

[R/Package/gdata]
Package=gdata
Version=2.18.0
Source=CRAN
Hash=6cf63863593c9a80f8b670c3732857ba

[R/Package/ggforce]
Package=ggforce
Version=0.1.3
Source=CRAN
Hash=7ed3eaaef4ca333561e0f4ba9d636ddc

[R/Package/ggplot2]
Package=ggplot2
Version=3.0.0
Source=CRAN
Hash=fca52189299b633356e71f2c3589d44d

[R/Package/ggraph]
Package=ggraph
Version=1.0.2
Source=CRAN
Hash=cdd59738c1986db404425c8d29f5ef52

[R/Package/ggrepel]
Package=ggrepel
Version=0.8.0
Source=CRAN
Hash=af0b5b2bb2cce257c8b977ed462c7d9f

[R/Package/ggridges]
Package=ggridges
Version=0.5.0
Source=CRAN
Hash=bfdfc896f44f090789edae49115781f1

[R/Package/globals]
Package=globals
Version=0.12.4
Source=CRAN
Hash=71eb0c3b0e335fd6d360240959d32a77

[R/Package/glue]
Package=glue
Version=1.3.1
Source=CRAN
Hash=9611ef23b274cfa43c85839a183948dc

[R/Package/googleVis]
Package=googleVis
Version=0.6.3
Source=CRAN
Hash=7838b17ecfd36e95637d5ccfbc45f5c0

[R/Package/gplots]
Package=gplots
Version=3.0.1
Source=CRAN
Hash=8589ec779ec4cbf997a1b352bd463ee3

[R/Package/gridExtra]
Package=gridExtra
Version=2.3
Source=CRAN
Hash=664a4d998cd58c6579078447c8495437

[R/Package/gtable]
Package=gtable
Version=0.2.0
Source=CRAN
Hash=ab069234a2a5b08f595e74067f87aae6

[R/Package/gtools]
Package=gtools
Version=3.8.1
Source=CRAN
Hash=5df47275cec3ab4346f2fcd6ee634a78

[R/Package/haven]
Package=haven
Version=1.1.2
Source=CRAN
Hash=4dfa90a7746012a247787948c849749d

[R/Package/hexbin]
Package=hexbin
Version=1.27.2
Source=CRAN
Hash=bc426af3af8cea7253c243960bd9d779

[R/Package/highr]
Package=highr
Version=0.7
Source=CRAN
Hash=bef87ff0a14019823aa2de32bc990c68

[R/Package/hms]
Package=hms
Version=0.4.2
Source=CRAN
Hash=f5f7d85bc2f835b6ed2990d5ba43276d

[R/Package/htmltools]
Package=htmltools
Version=0.3.6
Source=CRAN
Hash=b51a95de8992a1ffae14c4152b66f56e

[R/Package/htmlwidgets]
Package=htmlwidgets
Version=1.3
Source=CRAN
RemoteType=cran
RemoteSha=1.3
RemoteRepos=c(CRAN = "https://cran.rstudio.com/")
RemotePkgType=source
Hash=276a84e711c805899572c1fdaf8057fa

[R/Package/httpuv]
Package=httpuv
Version=1.4.5
Source=CRAN
Hash=5fc90e240714a027455f4684fbbc1506

[R/Package/httr]
Package=httr
Version=1.3.1
Source=CRAN
Hash=5c6dc34cb7192b70496589c3561303e5

[R/Package/ica]
Package=ica
Version=1.0-2
Source=CRAN
Hash=b4072cf214d0cc85c9f88094b058333d

[R/Package/igraph]
Package=igraph
Version=1.2.4
Source=CRAN
RemoteType=cran
RemoteSha=1.2.4
RemoteRepos=c(CRAN = "https://cran.rstudio.com", BioCsoft = "https://bioconductor.org/packages/3.7/bioc", BioCann = "https://bioconductor.org/packages/3.7/data/annotation", BioCexp = "https://bioconductor.org/packages/3.7/data/experiment", BioCworkflows = "https://bioconductor.org/packages/3.7/workflows")
RemotePkgType=source
Hash=6853a7e7fcc73a76180886673169a3fe

[R/Package/irlba]
Package=irlba
Version=2.3.3
Source=CRAN
RemoteType=cran
RemoteSha=2.3.3
RemoteRepos=c(CRAN = "https://cran.rstudio.com", BioCsoft = "https://bioconductor.org/packages/3.7/bioc", BioCann = "https://bioconductor.org/packages/3.7/data/annotation", BioCexp = "https://bioconductor.org/packages/3.7/data/experiment", BioCworkflows = "https://bioconductor.org/packages/3.7/workflows")
RemotePkgType=source
Hash=38fb259ad65cab2ca124c4f61271f9dc

[R/Package/jsonlite]
Package=jsonlite
Version=1.5
Source=CRAN
Hash=0ac1dfd912fede1deb9d07db10b40fcd

[R/Package/knitr]
Package=knitr
Version=1.20
Source=CRAN
Hash=9467ecdd903d2cff9e0963a33fe52168

[R/Package/labeling]
Package=labeling
Version=0.3
Source=CRAN
Hash=701b56435d3771d042b816ff1abb9944

[R/Package/lambda.r]
Package=lambda.r
Version=1.2.3
Source=CRAN
Hash=b0dae36f0bac70a06f7cabe637f6578b

[R/Package/later]
Package=later
Version=0.7.4
Source=CRAN
Hash=6b4ae4e2d05a9b01bf245c9f342a3957

[R/Package/lattice]
Package=lattice
Version=0.20-35
Source=CRAN
Hash=6063097488933b220e7f6ab5f95cd69e

[R/Package/lazyeval]
Package=lazyeval
Version=0.2.1
Source=CRAN
Hash=218398042a1eb0bd9457d39fb62c13a1

[R/Package/limma]
Package=limma
Version=3.38.3
Source=Bioconductor
Hash=172d36e74d8894bb84d017576cde6d39

[R/Package/listenv]
Package=listenv
Version=0.7.0
Source=CRAN
Hash=fa321de3a72957f68a2d6506e60a1f8b

[R/Package/lmtest]
Package=lmtest
Version=0.9-36
Source=CRAN
Hash=bad9163e59fab2e5e037f747966d127a

[R/Package/lpSolve]
Package=lpSolve
Version=5.6.13
Source=CRAN
Hash=d4f7bb70ab7afcbe4ca0d549850a7aa5

[R/Package/lubridate]
Package=lubridate
Version=1.7.4
Source=CRAN
Hash=a029e4bbebf820cb061be3eede251988

[R/Package/magrittr]
Package=magrittr
Version=1.5
Source=CRAN
Hash=1063976a6affe09eb75fc2927b8d4d9d

[R/Package/markdown]
Package=markdown
Version=0.8
Source=CRAN
Hash=8263b416022f7b2db6d45099716d838a

[R/Package/matrixStats]
Package=matrixStats
Version=0.54.0
Source=CRAN
Hash=73eab8009bacc946a33d5a02ba29573e

[R/Package/metap]
Package=metap
Version=1.0
Source=CRAN
Hash=89ef55a6ca5a79c2d3cd6963740d29c7

[R/Package/mgcv]
Package=mgcv
Version=1.8-24
Source=CRAN
Hash=8d982b8631d285a539b10eacc41a45d9

[R/Package/mime]
Package=mime
Version=0.5
Source=CRAN
Hash=3b8531bdbc93cc9dcb712a1af2e4f2b7

[R/Package/modelr]
Package=modelr
Version=0.1.2
Source=CRAN
Hash=2cd215185c6a90b8a3b2c531afb979d3

[R/Package/munsell]
Package=munsell
Version=0.5.0
Source=CRAN
Hash=504a3c6bd8b5b9c1f4dd9065ead25c9a

[R/Package/nlme]
Package=nlme
Version=3.1-137
Source=CRAN
Hash=7467c94bb956dbfe03f05ceb944d18f4

[R/Package/openssl]
Package=openssl
Version=1.0.2
Source=CRAN
Hash=6068fc6997a8f621b48efb404c026bae

[R/Package/pak]
Package=pak
Version=0.1.2
Source=CRAN
Hash=4aacf4a86faad3fd5215237dc7250927

[R/Package/pbapply]
Package=pbapply
Version=1.3-4
Source=CRAN
Hash=3e4f054b5b7ad801e322dc802cac753f

[R/Package/pillar]
Package=pillar
Version=1.3.1
Source=CRAN
Hash=047950e50e884512870c52c21e9317cd

[R/Package/pkgbuild]
Package=pkgbuild
Version=1.0.3
Source=CRAN
RemoteType=cran
RemoteSha=1.0.3
RemoteRepos=c(CRAN = "https://cran.rstudio.com/")
RemotePkgType=source
Hash=398c62b4e61495ae82701705890eb34c

[R/Package/pkgcache]
Package=pkgcache
Version=1.0.3
Source=CRAN
Hash=264c1dfc4f03cf6c1d42ea2741d4d4c4

[R/Package/pkgconfig]
Package=pkgconfig
Version=2.0.2
Source=CRAN
Hash=cb8f27ad9e671904636c04acd56131f0

[R/Package/plogr]
Package=plogr
Version=0.2.0
Source=CRAN
Hash=a99927b0b9c09008dd207da128bb050f

[R/Package/plotly]
Package=plotly
Version=4.8.0
Source=CRAN
Hash=ce25b4db648cbd60e2e812fbb10689f6

[R/Package/plyr]
Package=plyr
Version=1.8.4
Source=CRAN
Hash=22a149ed250857f9159e7ed078ea94a6

[R/Package/png]
Package=png
Version=0.1-7
Source=CRAN
Hash=ef32889065e818c2331e9f43b7e20bac

[R/Package/prettycode]
Package=prettycode
Version=1.0.2
Source=CRAN
RemoteType=cran
RemoteSha=1.0.2
RemoteRepos=c(CRAN = "https://cran.rstudio.com/")
RemotePkgType=source
Hash=218d885ddfe046fbccd358a3dca48382

[R/Package/prettyunits]
Package=prettyunits
Version=1.0.2
Source=CRAN
Hash=d6f0227d29f17a4a8a73bbad025adab5

[R/Package/processx]
Package=processx
Version=3.3.0
Source=CRAN
Hash=c5f4e7f2fd295a31f1e3b752b0e7b01c

[R/Package/promises]
Package=promises
Version=1.0.1
Source=CRAN
Hash=7288c7de35370404d6c2bcfabac48c3c

[R/Package/proxy]
Package=proxy
Version=0.4-23
Source=CRAN
RemoteType=cran
RemoteSha=0.4-23
RemoteRepos=c(CRAN = "https://cran.rstudio.com")
RemotePkgType=source
Hash=8f7b0202b51cd7e066e88d7b22cea7f9

[R/Package/ps]
Package=ps
Version=1.3.0
Source=CRAN
Hash=4a21b2c9033d140e122ed23d16592f22

[R/Package/purrr]
Package=purrr
Version=0.2.5
Source=CRAN
Hash=5432de0c7354a9a92d6c4d9c49c347ba

[R/Package/randomForest]
Package=randomForest
Version=4.6-14
Source=CRAN
Hash=d34b5f58fe2228378af562fb483f7f79

[R/Package/rappdirs]
Package=rappdirs
Version=0.3.1
Source=CRAN
Hash=48312ab82b6c1602b83211ee500f783d

[R/Package/readr]
Package=readr
Version=1.1.1
Source=CRAN
Hash=c45a8d52717564f2a7ed7432c8307f12

[R/Package/readxl]
Package=readxl
Version=1.1.0
Source=CRAN
Hash=7f83c29d6c3ba9073f884d8a648c8e28

[R/Package/rematch]
Package=rematch
Version=1.0.1
Source=CRAN
Hash=a64ac0bf7d11782324b6d3acb62f7760

[R/Package/rematch2]
Package=rematch2
Version=2.0.1
Source=CRAN
RemoteType=cran
RemoteSha=2.0.1
RemoteRepos=c(CRAN = "https://cran.rstudio.com/")
RemotePkgType=source
Hash=b429f999839b1f28be53548fbcaeadd1

[R/Package/reprex]
Package=reprex
Version=0.2.0
Source=CRAN
Hash=d860aa10cca49d245ac96b3000f3730e

[R/Package/reshape2]
Package=reshape2
Version=1.4.3
Source=CRAN
Hash=431389bf4e0708ebafb1dec474f3cba8

[R/Package/reticulate]
Package=reticulate
Version=1.11.1
Source=CRAN
Hash=f82ee18540f1f7bd5d7fd6d556a9641b

[R/Package/rlang]
Package=rlang
Version=0.3.4
Source=CRAN
Hash=11a12baf65c41f898629886455ddebd0

[R/Package/rmarkdown]
Package=rmarkdown
Version=1.10.2
Source=GitHub
RemoteType=github
RemoteHost=https://api.github.com
RemoteRepo=rmarkdown
RemoteUsername=rstudio
RemoteRef=master
RemoteSha=18207b9ad244c5ed9cc832a71dc3ea677bdd2a79
Hash=9f29d0a968b7409959f0a53294347f2d

[R/Package/rprojroot]
Package=rprojroot
Version=1.3-2
Source=CRAN
Hash=e6c60a758ed15027bf9ba44701d2e01d

[R/Package/rstudioapi]
Package=rstudioapi
Version=0.7
Source=CRAN
Hash=203886d096c8db26282076732fecd070

[R/Package/rsvd]
Package=rsvd
Version=1.0.0
Source=CRAN
Hash=9d582e2f537a676d33e0ba33cc7772c7

[R/Package/rvest]
Package=rvest
Version=0.3.2
Source=CRAN
Hash=226f151230039b7032a5c0f2a32974b7

[R/Package/scales]
Package=scales
Version=1.0.0
Source=CRAN
Hash=55f0078e1e49c799686b5cb57f886087

[R/Package/scmap]
Package=scmap
Version=1.4.1
Source=Bioconductor
Hash=1ca4f7b45f8c79d8abeb2f825ea33a02

[R/Package/sctransform]
Package=sctransform
Version=0.2.0
Source=CRAN
Hash=233115609c7a497f389b810aac7d9aab

[R/Package/selectr]
Package=selectr
Version=0.4-1
Source=CRAN
Hash=a7129d8308a220ff96d9d994d7f12767

[R/Package/shiny]
Package=shiny
Version=1.2.0
Source=CRAN
Hash=e85e5155563555d5ecbf571a33354349

[R/Package/snow]
Package=snow
Version=0.4-3
Source=CRAN
RemoteType=cran
RemoteSha=0.4-3
RemoteRepos=c(CRAN = "https://cran.rstudio.com")
RemotePkgType=source
Hash=58357857517c1ceed523e4eaf4e4398e

[R/Package/sourcetools]
Package=sourcetools
Version=0.1.7
Source=CRAN
Hash=78d8b58ebdba4de65b6d07770ae18f8c

[R/Package/stringi]
Package=stringi
Version=1.2.4
Source=CRAN
Hash=ff7183e2105551cfa7dcf0767113f810

[R/Package/stringr]
Package=stringr
Version=1.3.1
Source=CRAN
Hash=e82a4cbc7b22d05bf18aa22c365e4640

[R/Package/survival]
Package=survival
Version=2.42-6
Source=CRAN
Hash=c9b212d71cc17f576c9485299f2a6bb7

[R/Package/tibble]
Package=tibble
Version=2.1.1
Source=CRAN
Hash=7731263493ca3f1c7c868e7bfb5d92aa

[R/Package/tidygraph]
Package=tidygraph
Version=1.1.2
Source=CRAN
Hash=fedfe243563f71e81f7df02bea89a555

[R/Package/tidyr]
Package=tidyr
Version=0.8.1
Source=CRAN
Hash=56a2211e476cdec17a45fecdd7fc26f1

[R/Package/tidyselect]
Package=tidyselect
Version=0.2.5
Source=CRAN
Hash=40aceb5150e00cfe7a4999b4672cf614

[R/Package/tidyverse]
Package=tidyverse
Version=1.2.1
Source=CRAN
Hash=ed06631956271b1fd125d30ca18d3dab

[R/Package/tinytex]
Package=tinytex
Version=0.8
Source=CRAN
Hash=7d5caa0945343ad16e416942f51fa94c

[R/Package/tsne]
Package=tsne
Version=0.1-3
Source=CRAN
Hash=7f449e3df996c8f692c5d1c0e367b06d

[R/Package/tweenr]
Package=tweenr
Version=0.1.5
Source=CRAN
Hash=81a4c04717a55b68f925ea1451f75c78

[R/Package/units]
Package=units
Version=0.6-0
Source=CRAN
Hash=f613e1eed4821be1d8e5e68eda946518

[R/Package/utf8]
Package=utf8
Version=1.1.4
Source=CRAN
Hash=6399c80981358af7b39c217c72f22785

[R/Package/uuid]
Package=uuid
Version=0.1-2
Source=CRAN
Hash=277fab2e985d591298ea1fa400e884d8

[R/Package/viridis]
Package=viridis
Version=0.5.1
Source=CRAN
Hash=843854d5994486b476793d01830a1cd4

[R/Package/viridisLite]
Package=viridisLite
Version=0.3.0
Source=CRAN
Hash=732c3dabc42bce1fafb5d286184804c6

[R/Package/whisker]
Package=whisker
Version=0.3-2
Source=CRAN
Hash=cf13162701dd6681e36c1ea115deb545

[R/Package/withr]
Package=withr
Version=2.1.2
Source=CRAN
Hash=844aae4b78fac8f6ed2541cde1facdb3

[R/Package/xfun]
Package=xfun
Version=0.3
Source=CRAN
Hash=5c98d3f37948d4569fc1d9209d699e1d

[R/Package/xml2]
Package=xml2
Version=1.2.0
Source=CRAN
Hash=db809854a56ab0487ae935259e53a631

[R/Package/xtable]
Package=xtable
Version=1.8-3
Source=CRAN
Hash=49351a59dc4f3e23278d8ebc1c0e6678

[R/Package/yaml]
Package=yaml
Version=2.2.0
Source=CRAN
Hash=9db4f908886820b37f76b5ecc52c76e6

[R/Package/zlibbioc]
Package=zlibbioc
Version=1.26.0
Source=Bioconductor
Hash=0012a16f45df8d39048bf3eceda0cc2e

[R/Package/zoo]
Package=zoo
Version=1.8-3
Source=CRAN
Hash=b10589984661db509c1d89b96ceacc5d

